{
    "_meta": {
        "hash": {
            "sha256": "fcbe041fd906a45ea069522eb383217c0994dbc15fb0f270aa5ca72e76f1a19b"
        },
        "pipfile-spec": 6,
        "requires": {
            "python_version": "3.7"
        },
        "sources": [
            {
                "name": "pypi",
                "url": "https://pypi.org/simple",
                "verify_ssl": true
            }
        ]
    },
    "default": {
        "certifi": {
            "hashes": [
                "sha256:017c25db2a153ce562900032d5bc68e9f191e44e9a0f762f373977de9df1fbb3",
                "sha256:25b64c7da4cd7479594d035c08c2d809eb4aab3a26e5a990ea98cc450c320f1f"
            ],
            "version": "==2019.11.28"
        },
        "chardet": {
            "hashes": [
                "sha256:84ab92ed1c4d4f16916e05906b6b75a6c0fb5db821cc65e70cbd64a3e2a5eaae",
                "sha256:fc323ffcaeaed0e0a02bf4d117757b98aed530d9ed4531e3e15460124c106691"
            ],
            "version": "==3.0.4"
        },
        "elementpath": {
            "hashes": [
                "sha256:1738dbcd4d7ac89ac354bc3f7a61c2f4f1a4e439cf43c2c2e4e444fa454268e5",
                "sha256:4b1fc2120d69c126a2d9993ea206c214b4098ded9135318ad382ebfced537619"
            ],
            "version": "==1.3.3"
        },
        "idna": {
            "hashes": [
                "sha256:c357b3f628cf53ae2c4c05627ecc484553142ca23264e593d327bcde5e9c3407",
                "sha256:ea8b7f6188e6fa117537c3df7da9fc686d485087abf6ac197f9c46432f7e4a3c"
            ],
            "version": "==2.8"
        },
        "requests": {
            "hashes": [
                "sha256:502a824f31acdacb3a35b6690b5fbf0bc41d63a24a45c4004352b0242707598e",
                "sha256:7bf2a778576d825600030a110f3c0e3e8edc51dfaafe1c146e39a2027784957b"
            ],
            "index": "pypi",
            "version": "==2.21.0"
        },
        "sepaxml": {
            "hashes": [
                "sha256:51059d72977ac6c3e4b9834cc631842e531b332b3429e65c96b42ac1673a7677",
                "sha256:be383d042239fba1aa05b49df0dd678bdfe673060c0aa09bb56a40a656a1604b"
            ],
            "index": "pypi",
            "version": "==2.2.0"
        },
        "text-unidecode": {
            "hashes": [
                "sha256:1311f10e8b895935241623731c2ba64f4c455287888b18189350b67134a822e8",
                "sha256:bad6603bb14d279193107714b288be206cac565dfa49aa5b105294dd5c4aab93"
            ],
            "version": "==1.3"
        },
        "urllib3": {
            "hashes": [
                "sha256:2393a695cd12afedd0dcb26fe5d50d0cf248e5a66f75dbd89a3d4eb333a61af4",
                "sha256:a637e5fae88995b256e3409dc4d52c2e2e0ba32c42a6365fee8bbd2238de3cfb"
            ],
            "version": "==1.24.3"
        },
        "xmlschema": {
            "hashes": [
                "sha256:3e831730f9b73de196ff83d86349be720ca2f69ddfe5e47a820a8f7632c7dcc6",
                "sha256:4082a2053ad23ac0ac5e0d3a09b6c90d309622bcf1c720790c90277cc3a2bc50"
            ],
            "version": "==1.0.18"
        }
    },
    "develop": {}
}
